<?xml version="1.0" encoding="UTF-8" standalone="yes" ?>
<CodeBlocks_project_file>
	<FileVersion major="1" minor="6" />
	<Project>
		<Option title="BreakoutGame" />
		<Option pch_mode="2" />
		<Option compiler="gcc" />
		<Build>
			<Target title="Debug">
				<Option output="bin/Debug/BreakoutGame" prefix_auto="1" extension_auto="1" />
				<Option object_output="obj/Debug/" />
				<Option type="1" />
				<Option compiler="gcc" />
				<Compiler>
					<Add option="-std=c++11" />
					<Add option="-m32" />
					<Add option="-g" />
					<Add directory="include" />
				</Compiler>
				<Linker>
					<Add option="-m32" />
					<Add library="sfml-graphics-d" />
					<Add library="sfml-window-d" />
					<Add library="sfml-system-d" />
				</Linker>
			</Target>
			<Target title="Release">
				<Option output="bin/Release/BreakoutGame" prefix_auto="1" extension_auto="1" />
				<Option object_output="obj/Release/" />
				<Option type="1" />
				<Option compiler="gcc" />
				<Compiler>
					<Add option="-O2" />
					<Add directory="include" />
				</Compiler>
				<Linker>
					<Add option="-s" />
					<Add library="sfml-graphics" />
					<Add library="sfml-window" />
					<Add library="sfml-system" />
				</Linker>
			</Target>
		</Build>
		<Compiler>
			<Add option="-Wall" />
			<Add option="-fexceptions" />
			<Add directory="D:/Biblioteki/SFML-2.4.0-windows-gcc-6.1.0-mingw-32-bit/SFML-2.4.0/include" />
		</Compiler>
		<Linker>
			<Add directory="D:/Biblioteki/SFML-2.4.0-windows-gcc-6.1.0-mingw-32-bit/SFML-2.4.0/lib" />
		</Linker>
		<Unit filename="include/Ball.h" />
		<Unit filename="include/Brick.h" />
		<Unit filename="include/Game.h" />
		<Unit filename="include/GameObject.h" />
		<Unit filename="include/MapEditor.h" />
		<Unit filename="include/Menu.h" />
		<Unit filename="include/Platform.h" />
		<Unit filename="include/PowerUp.h" />
		<Unit filename="include/Screen.h" />
		<Unit filename="main.cpp" />
		<Unit filename="src/Ball.cpp" />
		<Unit filename="src/Brick.cpp" />
		<Unit filename="src/Game.cpp" />
		<Unit filename="src/GameObject.cpp" />
		<Unit filename="src/MapEditor.cpp" />
		<Unit filename="src/Menu.cpp" />
		<Unit filename="src/Platform.cpp" />
		<Unit filename="src/PowerUp.cpp" />
		<Unit filename="src/Screen.cpp" />
		<Extensions>
			<code_completion />
			<envvars />
			<debugger />
			<lib_finder disable_auto="1" />
		</Extensions>
	</Project>
</CodeBlocks_project_file>
